
Microsoft Visual Studio Solution File, Format Version 12.00
# Visual Studio Version 17
VisualStudioVersion = 17.4.33213.308
MinimumVisualStudioVersion = 10.0.40219.1
Project("{FAE04EC0-301F-11D3-BF4B-00C04F79EFBC}") = "eProdaja", "eProdaja\eProdaja.csproj", "{2CF4E8DB-78B4-402F-8DBA-CE364FEF1EC6}"
EndProject
Global
	GlobalSection(SolutionConfigurationPlatforms) = preSolution
		Debug|Any CPU = Debug|Any CPU
		Release|Any CPU = Release|Any CPU
	EndGlobalSection
	GlobalSection(ProjectConfigurationPlatforms) = postSolution
		{2CF4E8DB-78B4-402F-8DBA-CE364FEF1EC6}.Debug|Any CPU.ActiveCfg = Debug|Any CPU
		{2CF4E8DB-78B4-402F-8DBA-CE364FEF1EC6}.Debug|Any CPU.Build.0 = Debug|Any CPU
		{2CF4E8DB-78B4-402F-8DBA-CE364FEF1EC6}.Release|Any CPU.ActiveCfg = Release|Any CPU
		{2CF4E8DB-78B4-402F-8DBA-CE364FEF1EC6}.Release|Any CPU.Build.0 = Release|Any CPU
	EndGlobalSection
	GlobalSection(SolutionProperties) = preSolution
		HideSolutionNode = FALSE
	EndGlobalSection
	GlobalSection(ExtensibilityGlobals) = postSolution
		SolutionGuid = {ED25E027-2455-4599-85E2-C146D2B5AD4C}
	EndGlobalSection
EndGlobal
